// !$*UTF8*$!
{
   archiveVersion = "1";
   objectVersion = "46";
   objects = {
      "DangerXcodeStaticAnalyzer::DangerXcodeStaticAnalyzer" = {
         isa = "PBXNativeTarget";
         buildConfigurationList = "OBJ_122";
         buildPhases = (
            "OBJ_125",
            "OBJ_130"
         );
         dependencies = (
            "OBJ_136",
            "OBJ_137",
            "OBJ_138",
            "OBJ_139",
            "OBJ_140"
         );
         name = "DangerXcodeStaticAnalyzer";
         productName = "DangerXcodeStaticAnalyzer";
         productReference = "DangerXcodeStaticAnalyzer::DangerXcodeStaticAnalyzer::Product";
         productType = "com.apple.product-type.framework";
      };
      "DangerXcodeStaticAnalyzer::DangerXcodeStaticAnalyzer::Product" = {
         isa = "PBXFileReference";
         path = "DangerXcodeStaticAnalyzer.framework";
         sourceTree = "BUILT_PRODUCTS_DIR";
      };
      "DangerXcodeStaticAnalyzer::SwiftPMPackageDescription" = {
         isa = "PBXNativeTarget";
         buildConfigurationList = "OBJ_142";
         buildPhases = (
            "OBJ_145"
         );
         dependencies = (
         );
         name = "DangerXcodeStaticAnalyzerPackageDescription";
         productName = "DangerXcodeStaticAnalyzerPackageDescription";
         productType = "com.apple.product-type.framework";
      };
      "Logger::Logger" = {
         isa = "PBXNativeTarget";
         buildConfigurationList = "OBJ_147";
         buildPhases = (
            "OBJ_150",
            "OBJ_152"
         );
         dependencies = (
         );
         name = "Logger";
         productName = "Logger";
         productReference = "Logger::Logger::Product";
         productType = "com.apple.product-type.framework";
      };
      "Logger::Logger::Product" = {
         isa = "PBXFileReference";
         path = "Logger.framework";
         sourceTree = "BUILT_PRODUCTS_DIR";
      };
      "Logger::SwiftPMPackageDescription" = {
         isa = "PBXNativeTarget";
         buildConfigurationList = "OBJ_154";
         buildPhases = (
            "OBJ_157"
         );
         dependencies = (
         );
         name = "LoggerPackageDescription";
         productName = "LoggerPackageDescription";
         productType = "com.apple.product-type.framework";
      };
      "OBJ_1" = {
         isa = "PBXProject";
         attributes = {
            LastSwiftMigration = "9999";
            LastUpgradeCheck = "9999";
         };
         buildConfigurationList = "OBJ_2";
         compatibilityVersion = "Xcode 3.2";
         developmentRegion = "English";
         hasScannedForEncodings = "0";
         knownRegions = (
            "en"
         );
         mainGroup = "OBJ_5";
         productRefGroup = "OBJ_70";
         projectDirPath = ".";
         targets = (
            "danger-swift::Danger",
            "danger-swift::DangerShellExecutor",
            "DangerXcodeStaticAnalyzer::DangerXcodeStaticAnalyzer",
            "DangerXcodeStaticAnalyzer::SwiftPMPackageDescription",
            "Logger::Logger",
            "Logger::SwiftPMPackageDescription",
            "OctoKit::OctoKit",
            "OctoKit::SwiftPMPackageDescription",
            "RequestKit::RequestKit",
            "RequestKit::SwiftPMPackageDescription",
            "danger-swift::SwiftPMPackageDescription"
         );
      };
      "OBJ_10" = {
         isa = "PBXFileReference";
         path = "ShellExecutor.swift";
         sourceTree = "<group>";
      };
      "OBJ_100" = {
         isa = "PBXBuildFile";
         fileRef = "OBJ_35";
      };
      "OBJ_101" = {
         isa = "PBXBuildFile";
         fileRef = "OBJ_36";
      };
      "OBJ_102" = {
         isa = "PBXFrameworksBuildPhase";
         files = (
            "OBJ_103",
            "OBJ_104",
            "OBJ_105",
            "OBJ_106"
         );
      };
      "OBJ_103" = {
         isa = "PBXBuildFile";
         fileRef = "Logger::Logger::Product";
      };
      "OBJ_104" = {
         isa = "PBXBuildFile";
         fileRef = "OctoKit::OctoKit::Product";
      };
      "OBJ_105" = {
         isa = "PBXBuildFile";
         fileRef = "RequestKit::RequestKit::Product";
      };
      "OBJ_106" = {
         isa = "PBXBuildFile";
         fileRef = "danger-swift::DangerShellExecutor::Product";
      };
      "OBJ_107" = {
         isa = "PBXTargetDependency";
         target = "Logger::Logger";
      };
      "OBJ_109" = {
         isa = "PBXTargetDependency";
         target = "OctoKit::OctoKit";
      };
      "OBJ_11" = {
         isa = "PBXFileReference";
         path = "XcodeStaticAnalyzerPlist.swift";
         sourceTree = "<group>";
      };
      "OBJ_111" = {
         isa = "PBXTargetDependency";
         target = "RequestKit::RequestKit";
      };
      "OBJ_113" = {
         isa = "PBXTargetDependency";
         target = "danger-swift::DangerShellExecutor";
      };
      "OBJ_115" = {
         isa = "XCConfigurationList";
         buildConfigurations = (
            "OBJ_116",
            "OBJ_117"
         );
         defaultConfigurationIsVisible = "0";
         defaultConfigurationName = "Release";
      };
      "OBJ_116" = {
         isa = "XCBuildConfiguration";
         buildSettings = {
            ENABLE_TESTABILITY = "YES";
            FRAMEWORK_SEARCH_PATHS = (
               "$(inherited)",
               "$(PLATFORM_DIR)/Developer/Library/Frameworks"
            );
            HEADER_SEARCH_PATHS = (
               "$(inherited)"
            );
            INFOPLIST_FILE = "DangerXcodeStaticAnalyzer.xcodeproj/DangerShellExecutor_Info.plist";
            LD_RUNPATH_SEARCH_PATHS = (
               "$(inherited)",
               "$(TOOLCHAIN_DIR)/usr/lib/swift/macosx"
            );
            OTHER_CFLAGS = (
               "$(inherited)"
            );
            OTHER_LDFLAGS = (
               "$(inherited)"
            );
            OTHER_SWIFT_FLAGS = (
               "$(inherited)"
            );
            PRODUCT_BUNDLE_IDENTIFIER = "DangerShellExecutor";
            PRODUCT_MODULE_NAME = "$(TARGET_NAME:c99extidentifier)";
            PRODUCT_NAME = "$(TARGET_NAME:c99extidentifier)";
            SKIP_INSTALL = "YES";
            SWIFT_ACTIVE_COMPILATION_CONDITIONS = (
               "$(inherited)"
            );
            SWIFT_VERSION = "4.2";
            TARGET_NAME = "DangerShellExecutor";
         };
         name = "Debug";
      };
      "OBJ_117" = {
         isa = "XCBuildConfiguration";
         buildSettings = {
            ENABLE_TESTABILITY = "YES";
            FRAMEWORK_SEARCH_PATHS = (
               "$(inherited)",
               "$(PLATFORM_DIR)/Developer/Library/Frameworks"
            );
            HEADER_SEARCH_PATHS = (
               "$(inherited)"
            );
            INFOPLIST_FILE = "DangerXcodeStaticAnalyzer.xcodeproj/DangerShellExecutor_Info.plist";
            LD_RUNPATH_SEARCH_PATHS = (
               "$(inherited)",
               "$(TOOLCHAIN_DIR)/usr/lib/swift/macosx"
            );
            OTHER_CFLAGS = (
               "$(inherited)"
            );
            OTHER_LDFLAGS = (
               "$(inherited)"
            );
            OTHER_SWIFT_FLAGS = (
               "$(inherited)"
            );
            PRODUCT_BUNDLE_IDENTIFIER = "DangerShellExecutor";
            PRODUCT_MODULE_NAME = "$(TARGET_NAME:c99extidentifier)";
            PRODUCT_NAME = "$(TARGET_NAME:c99extidentifier)";
            SKIP_INSTALL = "YES";
            SWIFT_ACTIVE_COMPILATION_CONDITIONS = (
               "$(inherited)"
            );
            SWIFT_VERSION = "4.2";
            TARGET_NAME = "DangerShellExecutor";
         };
         name = "Release";
      };
      "OBJ_118" = {
         isa = "PBXSourcesBuildPhase";
         files = (
            "OBJ_119"
         );
      };
      "OBJ_119" = {
         isa = "PBXBuildFile";
         fileRef = "OBJ_39";
      };
      "OBJ_12" = {
         isa = "PBXFileReference";
         path = "XcodeStaticAnalyzerViolation.swift";
         sourceTree = "<group>";
      };
      "OBJ_120" = {
         isa = "PBXFrameworksBuildPhase";
         files = (
         );
      };
      "OBJ_122" = {
         isa = "XCConfigurationList";
         buildConfigurations = (
            "OBJ_123",
            "OBJ_124"
         );
         defaultConfigurationIsVisible = "0";
         defaultConfigurationName = "Release";
      };
      "OBJ_123" = {
         isa = "XCBuildConfiguration";
         buildSettings = {
            ENABLE_TESTABILITY = "YES";
            FRAMEWORK_SEARCH_PATHS = (
               "$(inherited)",
               "$(PLATFORM_DIR)/Developer/Library/Frameworks"
            );
            HEADER_SEARCH_PATHS = (
               "$(inherited)"
            );
            INFOPLIST_FILE = "DangerXcodeStaticAnalyzer.xcodeproj/DangerXcodeStaticAnalyzer_Info.plist";
            LD_RUNPATH_SEARCH_PATHS = (
               "$(inherited)",
               "$(TOOLCHAIN_DIR)/usr/lib/swift/macosx"
            );
            OTHER_CFLAGS = (
               "$(inherited)"
            );
            OTHER_LDFLAGS = (
               "$(inherited)"
            );
            OTHER_SWIFT_FLAGS = (
               "$(inherited)"
            );
            PRODUCT_BUNDLE_IDENTIFIER = "DangerXcodeStaticAnalyzer";
            PRODUCT_MODULE_NAME = "$(TARGET_NAME:c99extidentifier)";
            PRODUCT_NAME = "$(TARGET_NAME:c99extidentifier)";
            SKIP_INSTALL = "YES";
            SWIFT_ACTIVE_COMPILATION_CONDITIONS = (
               "$(inherited)"
            );
            SWIFT_VERSION = "4.2";
            TARGET_NAME = "DangerXcodeStaticAnalyzer";
         };
         name = "Debug";
      };
      "OBJ_124" = {
         isa = "XCBuildConfiguration";
         buildSettings = {
            ENABLE_TESTABILITY = "YES";
            FRAMEWORK_SEARCH_PATHS = (
               "$(inherited)",
               "$(PLATFORM_DIR)/Developer/Library/Frameworks"
            );
            HEADER_SEARCH_PATHS = (
               "$(inherited)"
            );
            INFOPLIST_FILE = "DangerXcodeStaticAnalyzer.xcodeproj/DangerXcodeStaticAnalyzer_Info.plist";
            LD_RUNPATH_SEARCH_PATHS = (
               "$(inherited)",
               "$(TOOLCHAIN_DIR)/usr/lib/swift/macosx"
            );
            OTHER_CFLAGS = (
               "$(inherited)"
            );
            OTHER_LDFLAGS = (
               "$(inherited)"
            );
            OTHER_SWIFT_FLAGS = (
               "$(inherited)"
            );
            PRODUCT_BUNDLE_IDENTIFIER = "DangerXcodeStaticAnalyzer";
            PRODUCT_MODULE_NAME = "$(TARGET_NAME:c99extidentifier)";
            PRODUCT_NAME = "$(TARGET_NAME:c99extidentifier)";
            SKIP_INSTALL = "YES";
            SWIFT_ACTIVE_COMPILATION_CONDITIONS = (
               "$(inherited)"
            );
            SWIFT_VERSION = "4.2";
            TARGET_NAME = "DangerXcodeStaticAnalyzer";
         };
         name = "Release";
      };
      "OBJ_125" = {
         isa = "PBXSourcesBuildPhase";
         files = (
            "OBJ_126",
            "OBJ_127",
            "OBJ_128",
            "OBJ_129"
         );
      };
      "OBJ_126" = {
         isa = "PBXBuildFile";
         fileRef = "OBJ_9";
      };
      "OBJ_127" = {
         isa = "PBXBuildFile";
         fileRef = "OBJ_10";
      };
      "OBJ_128" = {
         isa = "PBXBuildFile";
         fileRef = "OBJ_11";
      };
      "OBJ_129" = {
         isa = "PBXBuildFile";
         fileRef = "OBJ_12";
      };
      "OBJ_13" = {
         isa = "PBXGroup";
         children = (
         );
         name = "Tests";
         path = "";
         sourceTree = "SOURCE_ROOT";
      };
      "OBJ_130" = {
         isa = "PBXFrameworksBuildPhase";
         files = (
            "OBJ_131",
            "OBJ_132",
            "OBJ_133",
            "OBJ_134",
            "OBJ_135"
         );
      };
      "OBJ_131" = {
         isa = "PBXBuildFile";
         fileRef = "danger-swift::Danger::Product";
      };
      "OBJ_132" = {
         isa = "PBXBuildFile";
         fileRef = "Logger::Logger::Product";
      };
      "OBJ_133" = {
         isa = "PBXBuildFile";
         fileRef = "OctoKit::OctoKit::Product";
      };
      "OBJ_134" = {
         isa = "PBXBuildFile";
         fileRef = "RequestKit::RequestKit::Product";
      };
      "OBJ_135" = {
         isa = "PBXBuildFile";
         fileRef = "danger-swift::DangerShellExecutor::Product";
      };
      "OBJ_136" = {
         isa = "PBXTargetDependency";
         target = "danger-swift::Danger";
      };
      "OBJ_137" = {
         isa = "PBXTargetDependency";
         target = "Logger::Logger";
      };
      "OBJ_138" = {
         isa = "PBXTargetDependency";
         target = "OctoKit::OctoKit";
      };
      "OBJ_139" = {
         isa = "PBXTargetDependency";
         target = "RequestKit::RequestKit";
      };
      "OBJ_14" = {
         isa = "PBXGroup";
         children = (
            "OBJ_15",
            "OBJ_43",
            "OBJ_60",
            "OBJ_66"
         );
         name = "Dependencies";
         path = "";
         sourceTree = "<group>";
      };
      "OBJ_140" = {
         isa = "PBXTargetDependency";
         target = "danger-swift::DangerShellExecutor";
      };
      "OBJ_142" = {
         isa = "XCConfigurationList";
         buildConfigurations = (
            "OBJ_143",
            "OBJ_144"
         );
         defaultConfigurationIsVisible = "0";
         defaultConfigurationName = "Release";
      };
      "OBJ_143" = {
         isa = "XCBuildConfiguration";
         buildSettings = {
            LD = "/usr/bin/true";
            OTHER_SWIFT_FLAGS = (
               "-swift-version",
               "4.2",
               "-I",
               "$(TOOLCHAIN_DIR)/usr/lib/swift/pm/4_2",
               "-target",
               "x86_64-apple-macosx10.10",
               "-sdk",
               "/Applications/Xcode.app/Contents/Developer/Platforms/MacOSX.platform/Developer/SDKs/MacOSX10.14.sdk"
            );
            SWIFT_VERSION = "4.2";
         };
         name = "Debug";
      };
      "OBJ_144" = {
         isa = "XCBuildConfiguration";
         buildSettings = {
            LD = "/usr/bin/true";
            OTHER_SWIFT_FLAGS = (
               "-swift-version",
               "4.2",
               "-I",
               "$(TOOLCHAIN_DIR)/usr/lib/swift/pm/4_2",
               "-target",
               "x86_64-apple-macosx10.10",
               "-sdk",
               "/Applications/Xcode.app/Contents/Developer/Platforms/MacOSX.platform/Developer/SDKs/MacOSX10.14.sdk"
            );
            SWIFT_VERSION = "4.2";
         };
         name = "Release";
      };
      "OBJ_145" = {
         isa = "PBXSourcesBuildPhase";
         files = (
            "OBJ_146"
         );
      };
      "OBJ_146" = {
         isa = "PBXBuildFile";
         fileRef = "OBJ_6";
      };
      "OBJ_147" = {
         isa = "XCConfigurationList";
         buildConfigurations = (
            "OBJ_148",
            "OBJ_149"
         );
         defaultConfigurationIsVisible = "0";
         defaultConfigurationName = "Release";
      };
      "OBJ_148" = {
         isa = "XCBuildConfiguration";
         buildSettings = {
            ENABLE_TESTABILITY = "YES";
            FRAMEWORK_SEARCH_PATHS = (
               "$(inherited)",
               "$(PLATFORM_DIR)/Developer/Library/Frameworks"
            );
            HEADER_SEARCH_PATHS = (
               "$(inherited)"
            );
            INFOPLIST_FILE = "DangerXcodeStaticAnalyzer.xcodeproj/Logger_Info.plist";
            LD_RUNPATH_SEARCH_PATHS = (
               "$(inherited)",
               "$(TOOLCHAIN_DIR)/usr/lib/swift/macosx"
            );
            OTHER_CFLAGS = (
               "$(inherited)"
            );
            OTHER_LDFLAGS = (
               "$(inherited)"
            );
            OTHER_SWIFT_FLAGS = (
               "$(inherited)"
            );
            PRODUCT_BUNDLE_IDENTIFIER = "Logger";
            PRODUCT_MODULE_NAME = "$(TARGET_NAME:c99extidentifier)";
            PRODUCT_NAME = "$(TARGET_NAME:c99extidentifier)";
            SKIP_INSTALL = "YES";
            SWIFT_ACTIVE_COMPILATION_CONDITIONS = (
               "$(inherited)"
            );
            SWIFT_VERSION = "4.2";
            TARGET_NAME = "Logger";
         };
         name = "Debug";
      };
      "OBJ_149" = {
         isa = "XCBuildConfiguration";
         buildSettings = {
            ENABLE_TESTABILITY = "YES";
            FRAMEWORK_SEARCH_PATHS = (
               "$(inherited)",
               "$(PLATFORM_DIR)/Developer/Library/Frameworks"
            );
            HEADER_SEARCH_PATHS = (
               "$(inherited)"
            );
            INFOPLIST_FILE = "DangerXcodeStaticAnalyzer.xcodeproj/Logger_Info.plist";
            LD_RUNPATH_SEARCH_PATHS = (
               "$(inherited)",
               "$(TOOLCHAIN_DIR)/usr/lib/swift/macosx"
            );
            OTHER_CFLAGS = (
               "$(inherited)"
            );
            OTHER_LDFLAGS = (
               "$(inherited)"
            );
            OTHER_SWIFT_FLAGS = (
               "$(inherited)"
            );
            PRODUCT_BUNDLE_IDENTIFIER = "Logger";
            PRODUCT_MODULE_NAME = "$(TARGET_NAME:c99extidentifier)";
            PRODUCT_NAME = "$(TARGET_NAME:c99extidentifier)";
            SKIP_INSTALL = "YES";
            SWIFT_ACTIVE_COMPILATION_CONDITIONS = (
               "$(inherited)"
            );
            SWIFT_VERSION = "4.2";
            TARGET_NAME = "Logger";
         };
         name = "Release";
      };
      "OBJ_15" = {
         isa = "PBXGroup";
         children = (
            "OBJ_16",
            "OBJ_37",
            "OBJ_38",
            "OBJ_40",
            "OBJ_41",
            "OBJ_42"
         );
         name = "danger-swift 1.6.5";
         path = "";
         sourceTree = "SOURCE_ROOT";
      };
      "OBJ_150" = {
         isa = "PBXSourcesBuildPhase";
         files = (
            "OBJ_151"
         );
      };
      "OBJ_151" = {
         isa = "PBXBuildFile";
         fileRef = "OBJ_68";
      };
      "OBJ_152" = {
         isa = "PBXFrameworksBuildPhase";
         files = (
         );
      };
      "OBJ_154" = {
         isa = "XCConfigurationList";
         buildConfigurations = (
            "OBJ_155",
            "OBJ_156"
         );
         defaultConfigurationIsVisible = "0";
         defaultConfigurationName = "Release";
      };
      "OBJ_155" = {
         isa = "XCBuildConfiguration";
         buildSettings = {
            LD = "/usr/bin/true";
            OTHER_SWIFT_FLAGS = (
               "-swift-version",
               "4.2",
               "-I",
               "$(TOOLCHAIN_DIR)/usr/lib/swift/pm/4_2",
               "-target",
               "x86_64-apple-macosx10.10",
               "-sdk",
               "/Applications/Xcode.app/Contents/Developer/Platforms/MacOSX.platform/Developer/SDKs/MacOSX10.14.sdk"
            );
            SWIFT_VERSION = "4.2";
         };
         name = "Debug";
      };
      "OBJ_156" = {
         isa = "XCBuildConfiguration";
         buildSettings = {
            LD = "/usr/bin/true";
            OTHER_SWIFT_FLAGS = (
               "-swift-version",
               "4.2",
               "-I",
               "$(TOOLCHAIN_DIR)/usr/lib/swift/pm/4_2",
               "-target",
               "x86_64-apple-macosx10.10",
               "-sdk",
               "/Applications/Xcode.app/Contents/Developer/Platforms/MacOSX.platform/Developer/SDKs/MacOSX10.14.sdk"
            );
            SWIFT_VERSION = "4.2";
         };
         name = "Release";
      };
      "OBJ_157" = {
         isa = "PBXSourcesBuildPhase";
         files = (
            "OBJ_158"
         );
      };
      "OBJ_158" = {
         isa = "PBXBuildFile";
         fileRef = "OBJ_69";
      };
      "OBJ_159" = {
         isa = "XCConfigurationList";
         buildConfigurations = (
            "OBJ_160",
            "OBJ_161"
         );
         defaultConfigurationIsVisible = "0";
         defaultConfigurationName = "Release";
      };
      "OBJ_16" = {
         isa = "PBXGroup";
         children = (
            "OBJ_17",
            "OBJ_18",
            "OBJ_19",
            "OBJ_20",
            "OBJ_21",
            "OBJ_22",
            "OBJ_25",
            "OBJ_26",
            "OBJ_27",
            "OBJ_28",
            "OBJ_29",
            "OBJ_35",
            "OBJ_36"
         );
         name = "Danger";
         path = ".build/checkouts/danger-swift/Sources/Danger";
         sourceTree = "SOURCE_ROOT";
      };
      "OBJ_160" = {
         isa = "XCBuildConfiguration";
         buildSettings = {
            ENABLE_TESTABILITY = "YES";
            FRAMEWORK_SEARCH_PATHS = (
               "$(inherited)",
               "$(PLATFORM_DIR)/Developer/Library/Frameworks"
            );
            HEADER_SEARCH_PATHS = (
               "$(inherited)"
            );
            INFOPLIST_FILE = "DangerXcodeStaticAnalyzer.xcodeproj/OctoKit_Info.plist";
            LD_RUNPATH_SEARCH_PATHS = (
               "$(inherited)",
               "$(TOOLCHAIN_DIR)/usr/lib/swift/macosx"
            );
            OTHER_CFLAGS = (
               "$(inherited)"
            );
            OTHER_LDFLAGS = (
               "$(inherited)"
            );
            OTHER_SWIFT_FLAGS = (
               "$(inherited)"
            );
            PRODUCT_BUNDLE_IDENTIFIER = "OctoKit";
            PRODUCT_MODULE_NAME = "$(TARGET_NAME:c99extidentifier)";
            PRODUCT_NAME = "$(TARGET_NAME:c99extidentifier)";
            SKIP_INSTALL = "YES";
            SWIFT_ACTIVE_COMPILATION_CONDITIONS = (
               "$(inherited)"
            );
            SWIFT_VERSION = "4.0";
            TARGET_NAME = "OctoKit";
         };
         name = "Debug";
      };
      "OBJ_161" = {
         isa = "XCBuildConfiguration";
         buildSettings = {
            ENABLE_TESTABILITY = "YES";
            FRAMEWORK_SEARCH_PATHS = (
               "$(inherited)",
               "$(PLATFORM_DIR)/Developer/Library/Frameworks"
            );
            HEADER_SEARCH_PATHS = (
               "$(inherited)"
            );
            INFOPLIST_FILE = "DangerXcodeStaticAnalyzer.xcodeproj/OctoKit_Info.plist";
            LD_RUNPATH_SEARCH_PATHS = (
               "$(inherited)",
               "$(TOOLCHAIN_DIR)/usr/lib/swift/macosx"
            );
            OTHER_CFLAGS = (
               "$(inherited)"
            );
            OTHER_LDFLAGS = (
               "$(inherited)"
            );
            OTHER_SWIFT_FLAGS = (
               "$(inherited)"
            );
            PRODUCT_BUNDLE_IDENTIFIER = "OctoKit";
            PRODUCT_MODULE_NAME = "$(TARGET_NAME:c99extidentifier)";
            PRODUCT_NAME = "$(TARGET_NAME:c99extidentifier)";
            SKIP_INSTALL = "YES";
            SWIFT_ACTIVE_COMPILATION_CONDITIONS = (
               "$(inherited)"
            );
            SWIFT_VERSION = "4.0";
            TARGET_NAME = "OctoKit";
         };
         name = "Release";
      };
      "OBJ_162" = {
         isa = "PBXSourcesBuildPhase";
         files = (
            "OBJ_163",
            "OBJ_164",
            "OBJ_165",
            "OBJ_166",
            "OBJ_167",
            "OBJ_168",
            "OBJ_169",
            "OBJ_170",
            "OBJ_171",
            "OBJ_172",
            "OBJ_173",
            "OBJ_174",
            "OBJ_175",
            "OBJ_176"
         );
      };
      "OBJ_163" = {
         isa = "PBXBuildFile";
         fileRef = "OBJ_46";
      };
      "OBJ_164" = {
         isa = "PBXBuildFile";
         fileRef = "OBJ_47";
      };
      "OBJ_165" = {
         isa = "PBXBuildFile";
         fileRef = "OBJ_48";
      };
      "OBJ_166" = {
         isa = "PBXBuildFile";
         fileRef = "OBJ_49";
      };
      "OBJ_167" = {
         isa = "PBXBuildFile";
         fileRef = "OBJ_50";
      };
      "OBJ_168" = {
         isa = "PBXBuildFile";
         fileRef = "OBJ_51";
      };
      "OBJ_169" = {
         isa = "PBXBuildFile";
         fileRef = "OBJ_52";
      };
      "OBJ_17" = {
         isa = "PBXFileReference";
         path = "BitBucketServerDSL.swift";
         sourceTree = "<group>";
      };
      "OBJ_170" = {
         isa = "PBXBuildFile";
         fileRef = "OBJ_53";
      };
      "OBJ_171" = {
         isa = "PBXBuildFile";
         fileRef = "OBJ_54";
      };
      "OBJ_172" = {
         isa = "PBXBuildFile";
         fileRef = "OBJ_55";
      };
      "OBJ_173" = {
         isa = "PBXBuildFile";
         fileRef = "OBJ_56";
      };
      "OBJ_174" = {
         isa = "PBXBuildFile";
         fileRef = "OBJ_57";
      };
      "OBJ_175" = {
         isa = "PBXBuildFile";
         fileRef = "OBJ_58";
      };
      "OBJ_176" = {
         isa = "PBXBuildFile";
         fileRef = "OBJ_59";
      };
      "OBJ_177" = {
         isa = "PBXFrameworksBuildPhase";
         files = (
            "OBJ_178"
         );
      };
      "OBJ_178" = {
         isa = "PBXBuildFile";
         fileRef = "RequestKit::RequestKit::Product";
      };
      "OBJ_179" = {
         isa = "PBXTargetDependency";
         target = "RequestKit::RequestKit";
      };
      "OBJ_18" = {
         isa = "PBXFileReference";
         path = "Danger.swift";
         sourceTree = "<group>";
      };
      "OBJ_181" = {
         isa = "XCConfigurationList";
         buildConfigurations = (
            "OBJ_182",
            "OBJ_183"
         );
         defaultConfigurationIsVisible = "0";
         defaultConfigurationName = "Release";
      };
      "OBJ_182" = {
         isa = "XCBuildConfiguration";
         buildSettings = {
            LD = "/usr/bin/true";
            OTHER_SWIFT_FLAGS = (
               "-swift-version",
               "4",
               "-I",
               "$(TOOLCHAIN_DIR)/usr/lib/swift/pm/4",
               "-target",
               "x86_64-apple-macosx10.10",
               "-sdk",
               "/Applications/Xcode.app/Contents/Developer/Platforms/MacOSX.platform/Developer/SDKs/MacOSX10.14.sdk"
            );
            SWIFT_VERSION = "4.0";
         };
         name = "Debug";
      };
      "OBJ_183" = {
         isa = "XCBuildConfiguration";
         buildSettings = {
            LD = "/usr/bin/true";
            OTHER_SWIFT_FLAGS = (
               "-swift-version",
               "4",
               "-I",
               "$(TOOLCHAIN_DIR)/usr/lib/swift/pm/4",
               "-target",
               "x86_64-apple-macosx10.10",
               "-sdk",
               "/Applications/Xcode.app/Contents/Developer/Platforms/MacOSX.platform/Developer/SDKs/MacOSX10.14.sdk"
            );
            SWIFT_VERSION = "4.0";
         };
         name = "Release";
      };
      "OBJ_184" = {
         isa = "PBXSourcesBuildPhase";
         files = (
            "OBJ_185"
         );
      };
      "OBJ_185" = {
         isa = "PBXBuildFile";
         fileRef = "OBJ_44";
      };
      "OBJ_186" = {
         isa = "XCConfigurationList";
         buildConfigurations = (
            "OBJ_187",
            "OBJ_188"
         );
         defaultConfigurationIsVisible = "0";
         defaultConfigurationName = "Release";
      };
      "OBJ_187" = {
         isa = "XCBuildConfiguration";
         buildSettings = {
            ENABLE_TESTABILITY = "YES";
            FRAMEWORK_SEARCH_PATHS = (
               "$(inherited)",
               "$(PLATFORM_DIR)/Developer/Library/Frameworks"
            );
            HEADER_SEARCH_PATHS = (
               "$(inherited)"
            );
            INFOPLIST_FILE = "DangerXcodeStaticAnalyzer.xcodeproj/RequestKit_Info.plist";
            LD_RUNPATH_SEARCH_PATHS = (
               "$(inherited)",
               "$(TOOLCHAIN_DIR)/usr/lib/swift/macosx"
            );
            OTHER_CFLAGS = (
               "$(inherited)"
            );
            OTHER_LDFLAGS = (
               "$(inherited)"
            );
            OTHER_SWIFT_FLAGS = (
               "$(inherited)"
            );
            PRODUCT_BUNDLE_IDENTIFIER = "RequestKit";
            PRODUCT_MODULE_NAME = "$(TARGET_NAME:c99extidentifier)";
            PRODUCT_NAME = "$(TARGET_NAME:c99extidentifier)";
            SKIP_INSTALL = "YES";
            SWIFT_ACTIVE_COMPILATION_CONDITIONS = (
               "$(inherited)"
            );
            SWIFT_VERSION = "4.2";
            TARGET_NAME = "RequestKit";
         };
         name = "Debug";
      };
      "OBJ_188" = {
         isa = "XCBuildConfiguration";
         buildSettings = {
            ENABLE_TESTABILITY = "YES";
            FRAMEWORK_SEARCH_PATHS = (
               "$(inherited)",
               "$(PLATFORM_DIR)/Developer/Library/Frameworks"
            );
            HEADER_SEARCH_PATHS = (
               "$(inherited)"
            );
            INFOPLIST_FILE = "DangerXcodeStaticAnalyzer.xcodeproj/RequestKit_Info.plist";
            LD_RUNPATH_SEARCH_PATHS = (
               "$(inherited)",
               "$(TOOLCHAIN_DIR)/usr/lib/swift/macosx"
            );
            OTHER_CFLAGS = (
               "$(inherited)"
            );
            OTHER_LDFLAGS = (
               "$(inherited)"
            );
            OTHER_SWIFT_FLAGS = (
               "$(inherited)"
            );
            PRODUCT_BUNDLE_IDENTIFIER = "RequestKit";
            PRODUCT_MODULE_NAME = "$(TARGET_NAME:c99extidentifier)";
            PRODUCT_NAME = "$(TARGET_NAME:c99extidentifier)";
            SKIP_INSTALL = "YES";
            SWIFT_ACTIVE_COMPILATION_CONDITIONS = (
               "$(inherited)"
            );
            SWIFT_VERSION = "4.2";
            TARGET_NAME = "RequestKit";
         };
         name = "Release";
      };
      "OBJ_189" = {
         isa = "PBXSourcesBuildPhase";
         files = (
            "OBJ_190",
            "OBJ_191",
            "OBJ_192"
         );
      };
      "OBJ_19" = {
         isa = "PBXFileReference";
         path = "DangerDSL.swift";
         sourceTree = "<group>";
      };
      "OBJ_190" = {
         isa = "PBXBuildFile";
         fileRef = "OBJ_62";
      };
      "OBJ_191" = {
         isa = "PBXBuildFile";
         fileRef = "OBJ_63";
      };
      "OBJ_192" = {
         isa = "PBXBuildFile";
         fileRef = "OBJ_64";
      };
      "OBJ_193" = {
         isa = "PBXFrameworksBuildPhase";
         files = (
         );
      };
      "OBJ_195" = {
         isa = "XCConfigurationList";
         buildConfigurations = (
            "OBJ_196",
            "OBJ_197"
         );
         defaultConfigurationIsVisible = "0";
         defaultConfigurationName = "Release";
      };
      "OBJ_196" = {
         isa = "XCBuildConfiguration";
         buildSettings = {
            LD = "/usr/bin/true";
            OTHER_SWIFT_FLAGS = (
               "-swift-version",
               "4.2",
               "-I",
               "$(TOOLCHAIN_DIR)/usr/lib/swift/pm/4_2",
               "-target",
               "x86_64-apple-macosx10.10",
               "-sdk",
               "/Applications/Xcode.app/Contents/Developer/Platforms/MacOSX.platform/Developer/SDKs/MacOSX10.14.sdk"
            );
            SWIFT_VERSION = "4.2";
         };
         name = "Debug";
      };
      "OBJ_197" = {
         isa = "XCBuildConfiguration";
         buildSettings = {
            LD = "/usr/bin/true";
            OTHER_SWIFT_FLAGS = (
               "-swift-version",
               "4.2",
               "-I",
               "$(TOOLCHAIN_DIR)/usr/lib/swift/pm/4_2",
               "-target",
               "x86_64-apple-macosx10.10",
               "-sdk",
               "/Applications/Xcode.app/Contents/Developer/Platforms/MacOSX.platform/Developer/SDKs/MacOSX10.14.sdk"
            );
            SWIFT_VERSION = "4.2";
         };
         name = "Release";
      };
      "OBJ_198" = {
         isa = "PBXSourcesBuildPhase";
         files = (
            "OBJ_199"
         );
      };
      "OBJ_199" = {
         isa = "PBXBuildFile";
         fileRef = "OBJ_65";
      };
      "OBJ_2" = {
         isa = "XCConfigurationList";
         buildConfigurations = (
            "OBJ_3",
            "OBJ_4"
         );
         defaultConfigurationIsVisible = "0";
         defaultConfigurationName = "Release";
      };
      "OBJ_20" = {
         isa = "PBXFileReference";
         path = "DangerResults.swift";
         sourceTree = "<group>";
      };
      "OBJ_201" = {
         isa = "XCConfigurationList";
         buildConfigurations = (
            "OBJ_202",
            "OBJ_203"
         );
         defaultConfigurationIsVisible = "0";
         defaultConfigurationName = "Release";
      };
      "OBJ_202" = {
         isa = "XCBuildConfiguration";
         buildSettings = {
            LD = "/usr/bin/true";
            OTHER_SWIFT_FLAGS = (
               "-swift-version",
               "4.2",
               "-I",
               "$(TOOLCHAIN_DIR)/usr/lib/swift/pm/4_2",
               "-target",
               "x86_64-apple-macosx10.10",
               "-sdk",
               "/Applications/Xcode.app/Contents/Developer/Platforms/MacOSX.platform/Developer/SDKs/MacOSX10.14.sdk"
            );
            SWIFT_VERSION = "4.2";
         };
         name = "Debug";
      };
      "OBJ_203" = {
         isa = "XCBuildConfiguration";
         buildSettings = {
            LD = "/usr/bin/true";
            OTHER_SWIFT_FLAGS = (
               "-swift-version",
               "4.2",
               "-I",
               "$(TOOLCHAIN_DIR)/usr/lib/swift/pm/4_2",
               "-target",
               "x86_64-apple-macosx10.10",
               "-sdk",
               "/Applications/Xcode.app/Contents/Developer/Platforms/MacOSX.platform/Developer/SDKs/MacOSX10.14.sdk"
            );
            SWIFT_VERSION = "4.2";
         };
         name = "Release";
      };
      "OBJ_204" = {
         isa = "PBXSourcesBuildPhase";
         files = (
            "OBJ_205"
         );
      };
      "OBJ_205" = {
         isa = "PBXBuildFile";
         fileRef = "OBJ_42";
      };
      "OBJ_21" = {
         isa = "PBXFileReference";
         path = "DangerUtils.swift";
         sourceTree = "<group>";
      };
      "OBJ_22" = {
         isa = "PBXGroup";
         children = (
            "OBJ_23",
            "OBJ_24"
         );
         name = "Extensions";
         path = "Extensions";
         sourceTree = "<group>";
      };
      "OBJ_23" = {
         isa = "PBXFileReference";
         path = "DateFormatterExtensions.swift";
         sourceTree = "<group>";
      };
      "OBJ_24" = {
         isa = "PBXFileReference";
         path = "NSRegularExpressionExtensions.swift";
         sourceTree = "<group>";
      };
      "OBJ_25" = {
         isa = "PBXFileReference";
         path = "File.swift";
         sourceTree = "<group>";
      };
      "OBJ_26" = {
         isa = "PBXFileReference";
         path = "GitDSL.swift";
         sourceTree = "<group>";
      };
      "OBJ_27" = {
         isa = "PBXFileReference";
         path = "GitHubDSL.swift";
         sourceTree = "<group>";
      };
      "OBJ_28" = {
         isa = "PBXFileReference";
         path = "GitLabDSL.swift";
         sourceTree = "<group>";
      };
      "OBJ_29" = {
         isa = "PBXGroup";
         children = (
            "OBJ_30"
         );
         name = "Plugins";
         path = "Plugins";
         sourceTree = "<group>";
      };
      "OBJ_3" = {
         isa = "XCBuildConfiguration";
         buildSettings = {
            CLANG_ENABLE_OBJC_ARC = "YES";
            COMBINE_HIDPI_IMAGES = "YES";
            COPY_PHASE_STRIP = "NO";
            DEBUG_INFORMATION_FORMAT = "dwarf";
            DYLIB_INSTALL_NAME_BASE = "@rpath";
            ENABLE_NS_ASSERTIONS = "YES";
            GCC_OPTIMIZATION_LEVEL = "0";
            GCC_PREPROCESSOR_DEFINITIONS = (
               "$(inherited)",
               "SWIFT_PACKAGE=1",
               "DEBUG=1"
            );
            MACOSX_DEPLOYMENT_TARGET = "10.10";
            ONLY_ACTIVE_ARCH = "YES";
            OTHER_SWIFT_FLAGS = (
               "-DXcode"
            );
            PRODUCT_NAME = "$(TARGET_NAME)";
            SDKROOT = "macosx";
            SUPPORTED_PLATFORMS = (
               "macosx",
               "iphoneos",
               "iphonesimulator",
               "appletvos",
               "appletvsimulator",
               "watchos",
               "watchsimulator"
            );
            SWIFT_ACTIVE_COMPILATION_CONDITIONS = (
               "$(inherited)",
               "SWIFT_PACKAGE",
               "DEBUG"
            );
            SWIFT_OPTIMIZATION_LEVEL = "-Onone";
            USE_HEADERMAP = "NO";
         };
         name = "Debug";
      };
      "OBJ_30" = {
         isa = "PBXGroup";
         children = (
            "OBJ_31",
            "OBJ_32",
            "OBJ_33",
            "OBJ_34"
         );
         name = "SwiftLint";
         path = "SwiftLint";
         sourceTree = "<group>";
      };
      "OBJ_31" = {
         isa = "PBXFileReference";
         path = "CurrentPathProvider.swift";
         sourceTree = "<group>";
      };
      "OBJ_32" = {
         isa = "PBXFileReference";
         path = "SwiftLint.swift";
         sourceTree = "<group>";
      };
      "OBJ_33" = {
         isa = "PBXFileReference";
         path = "SwiftLintViolation.swift";
         sourceTree = "<group>";
      };
      "OBJ_34" = {
         isa = "PBXFileReference";
         path = "SwiftlintReportDeleter.swift";
         sourceTree = "<group>";
      };
      "OBJ_35" = {
         isa = "PBXFileReference";
         path = "Report.swift";
         sourceTree = "<group>";
      };
      "OBJ_36" = {
         isa = "PBXFileReference";
         path = "Settings.swift";
         sourceTree = "<group>";
      };
      "OBJ_37" = {
         isa = "PBXGroup";
         children = (
         );
         name = "DangerFixtures";
         path = ".build/checkouts/danger-swift/Sources/DangerFixtures";
         sourceTree = "SOURCE_ROOT";
      };
      "OBJ_38" = {
         isa = "PBXGroup";
         children = (
            "OBJ_39"
         );
         name = "DangerShellExecutor";
         path = ".build/checkouts/danger-swift/Sources/DangerShellExecutor";
         sourceTree = "SOURCE_ROOT";
      };
      "OBJ_39" = {
         isa = "PBXFileReference";
         path = "ShellExecutor.swift";
         sourceTree = "<group>";
      };
      "OBJ_4" = {
         isa = "XCBuildConfiguration";
         buildSettings = {
            CLANG_ENABLE_OBJC_ARC = "YES";
            COMBINE_HIDPI_IMAGES = "YES";
            COPY_PHASE_STRIP = "YES";
            DEBUG_INFORMATION_FORMAT = "dwarf-with-dsym";
            DYLIB_INSTALL_NAME_BASE = "@rpath";
            GCC_OPTIMIZATION_LEVEL = "s";
            GCC_PREPROCESSOR_DEFINITIONS = (
               "$(inherited)",
               "SWIFT_PACKAGE=1"
            );
            MACOSX_DEPLOYMENT_TARGET = "10.10";
            OTHER_SWIFT_FLAGS = (
               "-DXcode"
            );
            PRODUCT_NAME = "$(TARGET_NAME)";
            SDKROOT = "macosx";
            SUPPORTED_PLATFORMS = (
               "macosx",
               "iphoneos",
               "iphonesimulator",
               "appletvos",
               "appletvsimulator",
               "watchos",
               "watchsimulator"
            );
            SWIFT_ACTIVE_COMPILATION_CONDITIONS = (
               "$(inherited)",
               "SWIFT_PACKAGE"
            );
            SWIFT_OPTIMIZATION_LEVEL = "-Owholemodule";
            USE_HEADERMAP = "NO";
         };
         name = "Release";
      };
      "OBJ_40" = {
         isa = "PBXGroup";
         children = (
         );
         name = "Runner";
         path = ".build/checkouts/danger-swift/Sources/Runner";
         sourceTree = "SOURCE_ROOT";
      };
      "OBJ_41" = {
         isa = "PBXGroup";
         children = (
         );
         name = "RunnerLib";
         path = ".build/checkouts/danger-swift/Sources/RunnerLib";
         sourceTree = "SOURCE_ROOT";
      };
      "OBJ_42" = {
         isa = "PBXFileReference";
         explicitFileType = "sourcecode.swift";
         name = "Package.swift";
         path = "/Users/eytanmoudahi/Documents/iOS/danger-xcode-static-analyzer/.build/checkouts/danger-swift/Package.swift";
         sourceTree = "<group>";
      };
      "OBJ_43" = {
         isa = "PBXGroup";
         children = (
            "OBJ_44",
            "OBJ_45"
         );
         name = "OctoKit 0.9.0";
         path = ".build/checkouts/octokit.swift";
         sourceTree = "SOURCE_ROOT";
      };
      "OBJ_44" = {
         isa = "PBXFileReference";
         explicitFileType = "sourcecode.swift";
         name = "Package.swift";
         path = "/Users/eytanmoudahi/Documents/iOS/danger-xcode-static-analyzer/.build/checkouts/octokit.swift/Package.swift";
         sourceTree = "<group>";
      };
      "OBJ_45" = {
         isa = "PBXGroup";
         children = (
            "OBJ_46",
            "OBJ_47",
            "OBJ_48",
            "OBJ_49",
            "OBJ_50",
            "OBJ_51",
            "OBJ_52",
            "OBJ_53",
            "OBJ_54",
            "OBJ_55",
            "OBJ_56",
            "OBJ_57",
            "OBJ_58",
            "OBJ_59"
         );
         name = "OctoKit";
         path = "OctoKit";
         sourceTree = "<group>";
      };
      "OBJ_46" = {
         isa = "PBXFileReference";
         path = "Configuration.swift";
         sourceTree = "<group>";
      };
      "OBJ_47" = {
         isa = "PBXFileReference";
         path = "Follow.swift";
         sourceTree = "<group>";
      };
      "OBJ_48" = {
         isa = "PBXFileReference";
         path = "Issue.swift";
         sourceTree = "<group>";
      };
      "OBJ_49" = {
         isa = "PBXFileReference";
         path = "Label.swift";
         sourceTree = "<group>";
      };
      "OBJ_5" = {
         isa = "PBXGroup";
         children = (
            "OBJ_6",
            "OBJ_7",
            "OBJ_13",
            "OBJ_14",
            "OBJ_70",
            "OBJ_77",
            "OBJ_78",
            "OBJ_79"
         );
         path = "";
         sourceTree = "<group>";
      };
      "OBJ_50" = {
         isa = "PBXFileReference";
         path = "Milestone.swift";
         sourceTree = "<group>";
      };
      "OBJ_51" = {
         isa = "PBXFileReference";
         path = "Octokit.swift";
         sourceTree = "<group>";
      };
      "OBJ_52" = {
         isa = "PBXFileReference";
         path = "Parameters.swift";
         sourceTree = "<group>";
      };
      "OBJ_53" = {
         isa = "PBXFileReference";
         path = "PublicKey.swift";
         sourceTree = "<group>";
      };
      "OBJ_54" = {
         isa = "PBXFileReference";
         path = "PullRequest.swift";
         sourceTree = "<group>";
      };
      "OBJ_55" = {
         isa = "PBXFileReference";
         path = "Repositories.swift";
         sourceTree = "<group>";
      };
      "OBJ_56" = {
         isa = "PBXFileReference";
         path = "Stars.swift";
         sourceTree = "<group>";
      };
      "OBJ_57" = {
         isa = "PBXFileReference";
         path = "Time.swift";
         sourceTree = "<group>";
      };
      "OBJ_58" = {
         isa = "PBXFileReference";
         path = "URL+URLParameters.swift";
         sourceTree = "<group>";
      };
      "OBJ_59" = {
         isa = "PBXFileReference";
         path = "User.swift";
         sourceTree = "<group>";
      };
      "OBJ_6" = {
         isa = "PBXFileReference";
         explicitFileType = "sourcecode.swift";
         path = "Package.swift";
         sourceTree = "<group>";
      };
      "OBJ_60" = {
         isa = "PBXGroup";
         children = (
            "OBJ_61",
            "OBJ_65"
         );
         name = "RequestKit 2.3.0";
         path = "";
         sourceTree = "SOURCE_ROOT";
      };
      "OBJ_61" = {
         isa = "PBXGroup";
         children = (
            "OBJ_62",
            "OBJ_63",
            "OBJ_64"
         );
         name = "RequestKit";
         path = ".build/checkouts/RequestKit/Sources/RequestKit";
         sourceTree = "SOURCE_ROOT";
      };
      "OBJ_62" = {
         isa = "PBXFileReference";
         path = "JSONPostRouter.swift";
         sourceTree = "<group>";
      };
      "OBJ_63" = {
         isa = "PBXFileReference";
         path = "RequestKitSession.swift";
         sourceTree = "<group>";
      };
      "OBJ_64" = {
         isa = "PBXFileReference";
         path = "Router.swift";
         sourceTree = "<group>";
      };
      "OBJ_65" = {
         isa = "PBXFileReference";
         explicitFileType = "sourcecode.swift";
         name = "Package.swift";
         path = "/Users/eytanmoudahi/Documents/iOS/danger-xcode-static-analyzer/.build/checkouts/RequestKit/Package.swift";
         sourceTree = "<group>";
      };
      "OBJ_66" = {
         isa = "PBXGroup";
         children = (
            "OBJ_67",
            "OBJ_69"
         );
         name = "Logger 0.2.3";
         path = "";
         sourceTree = "SOURCE_ROOT";
      };
      "OBJ_67" = {
         isa = "PBXGroup";
         children = (
            "OBJ_68"
         );
         name = "Logger";
         path = ".build/checkouts/Logger/Sources/Logger";
         sourceTree = "SOURCE_ROOT";
      };
      "OBJ_68" = {
         isa = "PBXFileReference";
         path = "Logger.swift";
         sourceTree = "<group>";
      };
      "OBJ_69" = {
         isa = "PBXFileReference";
         explicitFileType = "sourcecode.swift";
         name = "Package.swift";
         path = "/Users/eytanmoudahi/Documents/iOS/danger-xcode-static-analyzer/.build/checkouts/Logger/Package.swift";
         sourceTree = "<group>";
      };
      "OBJ_7" = {
         isa = "PBXGroup";
         children = (
            "OBJ_8"
         );
         name = "Sources";
         path = "";
         sourceTree = "SOURCE_ROOT";
      };
      "OBJ_70" = {
         isa = "PBXGroup";
         children = (
            "danger-swift::DangerShellExecutor::Product",
            "RequestKit::RequestKit::Product",
            "Logger::Logger::Product",
            "OctoKit::OctoKit::Product",
            "danger-swift::Danger::Product",
            "DangerXcodeStaticAnalyzer::DangerXcodeStaticAnalyzer::Product"
         );
         name = "Products";
         path = "";
         sourceTree = "BUILT_PRODUCTS_DIR";
      };
      "OBJ_77" = {
         isa = "PBXFileReference";
         path = "docs";
         sourceTree = "SOURCE_ROOT";
      };
      "OBJ_78" = {
         isa = "PBXFileReference";
         path = "LICENSE";
         sourceTree = "<group>";
      };
      "OBJ_79" = {
         isa = "PBXFileReference";
         path = "README.md";
         sourceTree = "<group>";
      };
      "OBJ_8" = {
         isa = "PBXGroup";
         children = (
            "OBJ_9",
            "OBJ_10",
            "OBJ_11",
            "OBJ_12"
         );
         name = "DangerXcodeStaticAnalyzer";
         path = "Sources/DangerXcodeStaticAnalyzer";
         sourceTree = "SOURCE_ROOT";
      };
      "OBJ_81" = {
         isa = "XCConfigurationList";
         buildConfigurations = (
            "OBJ_82",
            "OBJ_83"
         );
         defaultConfigurationIsVisible = "0";
         defaultConfigurationName = "Release";
      };
      "OBJ_82" = {
         isa = "XCBuildConfiguration";
         buildSettings = {
            ENABLE_TESTABILITY = "YES";
            FRAMEWORK_SEARCH_PATHS = (
               "$(inherited)",
               "$(PLATFORM_DIR)/Developer/Library/Frameworks"
            );
            HEADER_SEARCH_PATHS = (
               "$(inherited)"
            );
            INFOPLIST_FILE = "DangerXcodeStaticAnalyzer.xcodeproj/Danger_Info.plist";
            LD_RUNPATH_SEARCH_PATHS = (
               "$(inherited)",
               "$(TOOLCHAIN_DIR)/usr/lib/swift/macosx"
            );
            OTHER_CFLAGS = (
               "$(inherited)"
            );
            OTHER_LDFLAGS = (
               "$(inherited)"
            );
            OTHER_SWIFT_FLAGS = (
               "$(inherited)"
            );
            PRODUCT_BUNDLE_IDENTIFIER = "Danger";
            PRODUCT_MODULE_NAME = "$(TARGET_NAME:c99extidentifier)";
            PRODUCT_NAME = "$(TARGET_NAME:c99extidentifier)";
            SKIP_INSTALL = "YES";
            SWIFT_ACTIVE_COMPILATION_CONDITIONS = (
               "$(inherited)"
            );
            SWIFT_VERSION = "4.2";
            TARGET_NAME = "Danger";
         };
         name = "Debug";
      };
      "OBJ_83" = {
         isa = "XCBuildConfiguration";
         buildSettings = {
            ENABLE_TESTABILITY = "YES";
            FRAMEWORK_SEARCH_PATHS = (
               "$(inherited)",
               "$(PLATFORM_DIR)/Developer/Library/Frameworks"
            );
            HEADER_SEARCH_PATHS = (
               "$(inherited)"
            );
            INFOPLIST_FILE = "DangerXcodeStaticAnalyzer.xcodeproj/Danger_Info.plist";
            LD_RUNPATH_SEARCH_PATHS = (
               "$(inherited)",
               "$(TOOLCHAIN_DIR)/usr/lib/swift/macosx"
            );
            OTHER_CFLAGS = (
               "$(inherited)"
            );
            OTHER_LDFLAGS = (
               "$(inherited)"
            );
            OTHER_SWIFT_FLAGS = (
               "$(inherited)"
            );
            PRODUCT_BUNDLE_IDENTIFIER = "Danger";
            PRODUCT_MODULE_NAME = "$(TARGET_NAME:c99extidentifier)";
            PRODUCT_NAME = "$(TARGET_NAME:c99extidentifier)";
            SKIP_INSTALL = "YES";
            SWIFT_ACTIVE_COMPILATION_CONDITIONS = (
               "$(inherited)"
            );
            SWIFT_VERSION = "4.2";
            TARGET_NAME = "Danger";
         };
         name = "Release";
      };
      "OBJ_84" = {
         isa = "PBXSourcesBuildPhase";
         files = (
            "OBJ_85",
            "OBJ_86",
            "OBJ_87",
            "OBJ_88",
            "OBJ_89",
            "OBJ_90",
            "OBJ_91",
            "OBJ_92",
            "OBJ_93",
            "OBJ_94",
            "OBJ_95",
            "OBJ_96",
            "OBJ_97",
            "OBJ_98",
            "OBJ_99",
            "OBJ_100",
            "OBJ_101"
         );
      };
      "OBJ_85" = {
         isa = "PBXBuildFile";
         fileRef = "OBJ_17";
      };
      "OBJ_86" = {
         isa = "PBXBuildFile";
         fileRef = "OBJ_18";
      };
      "OBJ_87" = {
         isa = "PBXBuildFile";
         fileRef = "OBJ_19";
      };
      "OBJ_88" = {
         isa = "PBXBuildFile";
         fileRef = "OBJ_20";
      };
      "OBJ_89" = {
         isa = "PBXBuildFile";
         fileRef = "OBJ_21";
      };
      "OBJ_9" = {
         isa = "PBXFileReference";
         path = "DangerXcodeStaticAnalyzer.swift";
         sourceTree = "<group>";
      };
      "OBJ_90" = {
         isa = "PBXBuildFile";
         fileRef = "OBJ_23";
      };
      "OBJ_91" = {
         isa = "PBXBuildFile";
         fileRef = "OBJ_24";
      };
      "OBJ_92" = {
         isa = "PBXBuildFile";
         fileRef = "OBJ_25";
      };
      "OBJ_93" = {
         isa = "PBXBuildFile";
         fileRef = "OBJ_26";
      };
      "OBJ_94" = {
         isa = "PBXBuildFile";
         fileRef = "OBJ_27";
      };
      "OBJ_95" = {
         isa = "PBXBuildFile";
         fileRef = "OBJ_28";
      };
      "OBJ_96" = {
         isa = "PBXBuildFile";
         fileRef = "OBJ_31";
      };
      "OBJ_97" = {
         isa = "PBXBuildFile";
         fileRef = "OBJ_32";
      };
      "OBJ_98" = {
         isa = "PBXBuildFile";
         fileRef = "OBJ_33";
      };
      "OBJ_99" = {
         isa = "PBXBuildFile";
         fileRef = "OBJ_34";
      };
      "OctoKit::OctoKit" = {
         isa = "PBXNativeTarget";
         buildConfigurationList = "OBJ_159";
         buildPhases = (
            "OBJ_162",
            "OBJ_177"
         );
         dependencies = (
            "OBJ_179"
         );
         name = "OctoKit";
         productName = "OctoKit";
         productReference = "OctoKit::OctoKit::Product";
         productType = "com.apple.product-type.framework";
      };
      "OctoKit::OctoKit::Product" = {
         isa = "PBXFileReference";
         path = "OctoKit.framework";
         sourceTree = "BUILT_PRODUCTS_DIR";
      };
      "OctoKit::SwiftPMPackageDescription" = {
         isa = "PBXNativeTarget";
         buildConfigurationList = "OBJ_181";
         buildPhases = (
            "OBJ_184"
         );
         dependencies = (
         );
         name = "OctoKitPackageDescription";
         productName = "OctoKitPackageDescription";
         productType = "com.apple.product-type.framework";
      };
      "RequestKit::RequestKit" = {
         isa = "PBXNativeTarget";
         buildConfigurationList = "OBJ_186";
         buildPhases = (
            "OBJ_189",
            "OBJ_193"
         );
         dependencies = (
         );
         name = "RequestKit";
         productName = "RequestKit";
         productReference = "RequestKit::RequestKit::Product";
         productType = "com.apple.product-type.framework";
      };
      "RequestKit::RequestKit::Product" = {
         isa = "PBXFileReference";
         path = "RequestKit.framework";
         sourceTree = "BUILT_PRODUCTS_DIR";
      };
      "RequestKit::SwiftPMPackageDescription" = {
         isa = "PBXNativeTarget";
         buildConfigurationList = "OBJ_195";
         buildPhases = (
            "OBJ_198"
         );
         dependencies = (
         );
         name = "RequestKitPackageDescription";
         productName = "RequestKitPackageDescription";
         productType = "com.apple.product-type.framework";
      };
      "danger-swift::Danger" = {
         isa = "PBXNativeTarget";
         buildConfigurationList = "OBJ_81";
         buildPhases = (
            "OBJ_84",
            "OBJ_102"
         );
         dependencies = (
            "OBJ_107",
            "OBJ_109",
            "OBJ_111",
            "OBJ_113"
         );
         name = "Danger";
         productName = "Danger";
         productReference = "danger-swift::Danger::Product";
         productType = "com.apple.product-type.framework";
      };
      "danger-swift::Danger::Product" = {
         isa = "PBXFileReference";
         path = "Danger.framework";
         sourceTree = "BUILT_PRODUCTS_DIR";
      };
      "danger-swift::DangerShellExecutor" = {
         isa = "PBXNativeTarget";
         buildConfigurationList = "OBJ_115";
         buildPhases = (
            "OBJ_118",
            "OBJ_120"
         );
         dependencies = (
         );
         name = "DangerShellExecutor";
         productName = "DangerShellExecutor";
         productReference = "danger-swift::DangerShellExecutor::Product";
         productType = "com.apple.product-type.framework";
      };
      "danger-swift::DangerShellExecutor::Product" = {
         isa = "PBXFileReference";
         path = "DangerShellExecutor.framework";
         sourceTree = "BUILT_PRODUCTS_DIR";
      };
      "danger-swift::SwiftPMPackageDescription" = {
         isa = "PBXNativeTarget";
         buildConfigurationList = "OBJ_201";
         buildPhases = (
            "OBJ_204"
         );
         dependencies = (
         );
         name = "danger-swiftPackageDescription";
         productName = "danger-swiftPackageDescription";
         productType = "com.apple.product-type.framework";
      };
   };
   rootObject = "OBJ_1";
}
